// !$*UTF8*$!
{
	archiveVersion = 1;
	classes = {
	};
	objectVersion = 56;
	objects = {

/* Begin PBXBuildFile section */
		1EBDB4942B39E029004F6C95 /* PrivacyViewController.swift in Sources */ = {isa = PBXBuildFile; fileRef = 1EBDB4932B39E029004F6C95 /* PrivacyViewController.swift */; };
		1EBDB4962B39E8C7004F6C95 /* UILabel - Extension.swift in Sources */ = {isa = PBXBuildFile; fileRef = 1EBDB4952B39E8C7004F6C95 /* UILabel - Extension.swift */; };
		1EBDB4982B39EA2E004F6C95 /* UIView - Extension.swift in Sources */ = {isa = PBXBuildFile; fileRef = 1EBDB4972B39EA2E004F6C95 /* UIView - Extension.swift */; };
		1EBDB49A2B3B2134004F6C95 /* EditProfileView.swift in Sources */ = {isa = PBXBuildFile; fileRef = 1EBDB4992B3B2134004F6C95 /* EditProfileView.swift */; };
		1EBDB49C2B3B25C4004F6C95 /* EditProfileViewController.swift in Sources */ = {isa = PBXBuildFile; fileRef = 1EBDB49B2B3B25C4004F6C95 /* EditProfileViewController.swift */; };
		CED4D2092B373B9F005138A9 /* AppDelegate.swift in Sources */ = {isa = PBXBuildFile; fileRef = CED4D2082B373B9F005138A9 /* AppDelegate.swift */; };
		CED4D20B2B373B9F005138A9 /* SceneDelegate.swift in Sources */ = {isa = PBXBuildFile; fileRef = CED4D20A2B373B9F005138A9 /* SceneDelegate.swift */; };
		CED4D20D2B373B9F005138A9 /* ViewController.swift in Sources */ = {isa = PBXBuildFile; fileRef = CED4D20C2B373B9F005138A9 /* ViewController.swift */; };
		CED4D2122B373BA1005138A9 /* Assets.xcassets in Resources */ = {isa = PBXBuildFile; fileRef = CED4D2112B373BA1005138A9 /* Assets.xcassets */; };
		CED4D2152B373BA1005138A9 /* LaunchScreen.storyboard in Resources */ = {isa = PBXBuildFile; fileRef = CED4D2132B373BA1005138A9 /* LaunchScreen.storyboard */; };
/* End PBXBuildFile section */

/* Begin PBXFileReference section */
		1EBDB4932B39E029004F6C95 /* PrivacyViewController.swift */ = {isa = PBXFileReference; lastKnownFileType = sourcecode.swift; path = PrivacyViewController.swift; sourceTree = "<group>"; };
		1EBDB4952B39E8C7004F6C95 /* UILabel - Extension.swift */ = {isa = PBXFileReference; lastKnownFileType = sourcecode.swift; path = "UILabel - Extension.swift"; sourceTree = "<group>"; };
		1EBDB4972B39EA2E004F6C95 /* UIView - Extension.swift */ = {isa = PBXFileReference; lastKnownFileType = sourcecode.swift; path = "UIView - Extension.swift"; sourceTree = "<group>"; };
		1EBDB4992B3B2134004F6C95 /* EditProfileView.swift */ = {isa = PBXFileReference; lastKnownFileType = sourcecode.swift; path = EditProfileView.swift; sourceTree = "<group>"; };
		1EBDB49B2B3B25C4004F6C95 /* EditProfileViewController.swift */ = {isa = PBXFileReference; lastKnownFileType = sourcecode.swift; path = EditProfileViewController.swift; sourceTree = "<group>"; };
		CED4D2052B373B9F005138A9 /* Movie Today.app */ = {isa = PBXFileReference; explicitFileType = wrapper.application; includeInIndex = 0; path = "Movie Today.app"; sourceTree = BUILT_PRODUCTS_DIR; };
		CED4D2082B373B9F005138A9 /* AppDelegate.swift */ = {isa = PBXFileReference; lastKnownFileType = sourcecode.swift; path = AppDelegate.swift; sourceTree = "<group>"; };
		CED4D20A2B373B9F005138A9 /* SceneDelegate.swift */ = {isa = PBXFileReference; lastKnownFileType = sourcecode.swift; path = SceneDelegate.swift; sourceTree = "<group>"; };
		CED4D20C2B373B9F005138A9 /* ViewController.swift */ = {isa = PBXFileReference; lastKnownFileType = sourcecode.swift; path = ViewController.swift; sourceTree = "<group>"; };
		CED4D2112B373BA1005138A9 /* Assets.xcassets */ = {isa = PBXFileReference; lastKnownFileType = folder.assetcatalog; path = Assets.xcassets; sourceTree = "<group>"; };
		CED4D2142B373BA1005138A9 /* Base */ = {isa = PBXFileReference; lastKnownFileType = file.storyboard; name = Base; path = Base.lproj/LaunchScreen.storyboard; sourceTree = "<group>"; };
		CED4D2162B373BA1005138A9 /* Info.plist */ = {isa = PBXFileReference; lastKnownFileType = text.plist.xml; path = Info.plist; sourceTree = "<group>"; };
/* End PBXFileReference section */

/* Begin PBXFrameworksBuildPhase section */
		CED4D2022B373B9F005138A9 /* Frameworks */ = {
			isa = PBXFrameworksBuildPhase;
			buildActionMask = 2147483647;
			files = (
			);
			runOnlyForDeploymentPostprocessing = 0;
		};
/* End PBXFrameworksBuildPhase section */

/* Begin PBXGroup section */
		CED4D1FC2B373B9F005138A9 = {
			isa = PBXGroup;
			children = (
				CED4D2072B373B9F005138A9 /* Movie Today */,
				CED4D2062B373B9F005138A9 /* Products */,
			);
			sourceTree = "<group>";
		};
		CED4D2062B373B9F005138A9 /* Products */ = {
			isa = PBXGroup;
			children = (
				CED4D2052B373B9F005138A9 /* Movie Today.app */,
			);
			name = Products;
			sourceTree = "<group>";
		};
		CED4D2072B373B9F005138A9 /* Movie Today */ = {
			isa = PBXGroup;
			children = (
				CED4D2232B373C7F005138A9 /* Application */,
				CED4D21D2B373C34005138A9 /* Network Layer */,
				CED4D21E2B373C44005138A9 /* Managers */,
				CED4D2202B373C50005138A9 /* Models */,
				CED4D21F2B373C4B005138A9 /* Modules */,
				CED4D2212B373C63005138A9 /* Helpers */,
				CED4D21C2B373C2C005138A9 /* Supports */,
				CED4D2222B373C6A005138A9 /* Extension */,
				1EBDB4932B39E029004F6C95 /* PrivacyViewController.swift */,
				1EBDB4992B3B2134004F6C95 /* EditProfileView.swift */,
				1EBDB49B2B3B25C4004F6C95 /* EditProfileViewController.swift */,
			);
			path = "Movie Today";
			sourceTree = "<group>";
		};
		CED4D21C2B373C2C005138A9 /* Supports */ = {
			isa = PBXGroup;
			children = (
				CED4D2112B373BA1005138A9 /* Assets.xcassets */,
				CED4D2162B373BA1005138A9 /* Info.plist */,
				CED4D2132B373BA1005138A9 /* LaunchScreen.storyboard */,
			);
			path = Supports;
			sourceTree = "<group>";
		};
		CED4D21D2B373C34005138A9 /* Network Layer */ = {
			isa = PBXGroup;
			children = (
			);
			path = "Network Layer";
			sourceTree = "<group>";
		};
		CED4D21E2B373C44005138A9 /* Managers */ = {
			isa = PBXGroup;
			children = (
			);
			path = Managers;
			sourceTree = "<group>";
		};
		CED4D21F2B373C4B005138A9 /* Modules */ = {
			isa = PBXGroup;
			children = (
				CED4D20C2B373B9F005138A9 /* ViewController.swift */,
			);
			path = Modules;
			sourceTree = "<group>";
		};
		CED4D2202B373C50005138A9 /* Models */ = {
			isa = PBXGroup;
			children = (
			);
			path = Models;
			sourceTree = "<group>";
		};
		CED4D2212B373C63005138A9 /* Helpers */ = {
			isa = PBXGroup;
			children = (
			);
			path = Helpers;
			sourceTree = "<group>";
		};
		CED4D2222B373C6A005138A9 /* Extension */ = {
			isa = PBXGroup;
			children = (
				1EBDB4952B39E8C7004F6C95 /* UILabel - Extension.swift */,
				1EBDB4972B39EA2E004F6C95 /* UIView - Extension.swift */,
			);
			name = Extension;
			sourceTree = "<group>";
		};
		CED4D2232B373C7F005138A9 /* Application */ = {
			isa = PBXGroup;
			children = (
				CED4D2082B373B9F005138A9 /* AppDelegate.swift */,
				CED4D20A2B373B9F005138A9 /* SceneDelegate.swift */,
			);
			path = Application;
			sourceTree = "<group>";
		};
/* End PBXGroup section */

/* Begin PBXNativeTarget section */
		CED4D2042B373B9F005138A9 /* Movie Today */ = {
			isa = PBXNativeTarget;
			buildConfigurationList = CED4D2192B373BA1005138A9 /* Build configuration list for PBXNativeTarget "Movie Today" */;
			buildPhases = (
				CED4D2012B373B9F005138A9 /* Sources */,
				CED4D2022B373B9F005138A9 /* Frameworks */,
				CED4D2032B373B9F005138A9 /* Resources */,
			);
			buildRules = (
			);
			dependencies = (
			);
			name = "Movie Today";
			productName = "Movie Today";
			productReference = CED4D2052B373B9F005138A9 /* Movie Today.app */;
			productType = "com.apple.product-type.application";
		};
/* End PBXNativeTarget section */

/* Begin PBXProject section */
		CED4D1FD2B373B9F005138A9 /* Project object */ = {
			isa = PBXProject;
			attributes = {
				BuildIndependentTargetsInParallel = 1;
				LastSwiftUpdateCheck = 1430;
				LastUpgradeCheck = 1510;
				TargetAttributes = {
					CED4D2042B373B9F005138A9 = {
						CreatedOnToolsVersion = 14.3;
					};
				};
			};
			buildConfigurationList = CED4D2002B373B9F005138A9 /* Build configuration list for PBXProject "Movie Today" */;
			compatibilityVersion = "Xcode 14.0";
			developmentRegion = en;
			hasScannedForEncodings = 0;
			knownRegions = (
				en,
				Base,
			);
			mainGroup = CED4D1FC2B373B9F005138A9;
			productRefGroup = CED4D2062B373B9F005138A9 /* Products */;
			projectDirPath = "";
			projectRoot = "";
			targets = (
				CED4D2042B373B9F005138A9 /* Movie Today */,
			);
		};
/* End PBXProject section */

/* Begin PBXResourcesBuildPhase section */
		CED4D2032B373B9F005138A9 /* Resources */ = {
			isa = PBXResourcesBuildPhase;
			buildActionMask = 2147483647;
			files = (
				CED4D2152B373BA1005138A9 /* LaunchScreen.storyboard in Resources */,
				CED4D2122B373BA1005138A9 /* Assets.xcassets in Resources */,
			);
			runOnlyForDeploymentPostprocessing = 0;
		};
/* End PBXResourcesBuildPhase section */

/* Begin PBXSourcesBuildPhase section */
		CED4D2012B373B9F005138A9 /* Sources */ = {
			isa = PBXSourcesBuildPhase;
			buildActionMask = 2147483647;
			files = (
				1EBDB49C2B3B25C4004F6C95 /* EditProfileViewController.swift in Sources */,
				1EBDB49A2B3B2134004F6C95 /* EditProfileView.swift in Sources */,
				CED4D20D2B373B9F005138A9 /* ViewController.swift in Sources */,
				1EBDB4962B39E8C7004F6C95 /* UILabel - Extension.swift in Sources */,
				1EBDB4982B39EA2E004F6C95 /* UIView - Extension.swift in Sources */,
				1EBDB4942B39E029004F6C95 /* PrivacyViewController.swift in Sources */,
				CED4D2092B373B9F005138A9 /* AppDelegate.swift in Sources */,
				CED4D20B2B373B9F005138A9 /* SceneDelegate.swift in Sources */,
			);
			runOnlyForDeploymentPostprocessing = 0;
		};
/* End PBXSourcesBuildPhase section */

/* Begin PBXVariantGroup section */
		CED4D2132B373BA1005138A9 /* LaunchScreen.storyboard */ = {
			isa = PBXVariantGroup;
			children = (
				CED4D2142B373BA1005138A9 /* Base */,
			);
			name = LaunchScreen.storyboard;
			sourceTree = "<group>";
		};
/* End PBXVariantGroup section */

/* Begin XCBuildConfiguration section */
		CED4D2172B373BA1005138A9 /* Debug */ = {
			isa = XCBuildConfiguration;
			buildSettings = {
				ALWAYS_SEARCH_USER_PATHS = NO;
				CLANG_ANALYZER_NONNULL = YES;
				CLANG_ANALYZER_NUMBER_OBJECT_CONVERSION = YES_AGGRESSIVE;
				CLANG_CXX_LANGUAGE_STANDARD = "gnu++20";
				CLANG_ENABLE_MODULES = YES;
				CLANG_ENABLE_OBJC_ARC = YES;
				CLANG_ENABLE_OBJC_WEAK = YES;
				CLANG_WARN_BLOCK_CAPTURE_AUTORELEASING = YES;
				CLANG_WARN_BOOL_CONVERSION = YES;
				CLANG_WARN_COMMA = YES;
				CLANG_WARN_CONSTANT_CONVERSION = YES;
				CLANG_WARN_DEPRECATED_OBJC_IMPLEMENTATIONS = YES;
				CLANG_WARN_DIRECT_OBJC_ISA_USAGE = YES_ERROR;
				CLANG_WARN_DOCUMENTATION_COMMENTS = YES;
				CLANG_WARN_EMPTY_BODY = YES;
				CLANG_WARN_ENUM_CONVERSION = YES;
				CLANG_WARN_INFINITE_RECURSION = YES;
				CLANG_WARN_INT_CONVERSION = YES;
				CLANG_WARN_NON_LITERAL_NULL_CONVERSION = YES;
				CLANG_WARN_OBJC_IMPLICIT_RETAIN_SELF = YES;
				CLANG_WARN_OBJC_LITERAL_CONVERSION = YES;
				CLANG_WARN_OBJC_ROOT_CLASS = YES_ERROR;
				CLANG_WARN_QUOTED_INCLUDE_IN_FRAMEWORK_HEADER = YES;
				CLANG_WARN_RANGE_LOOP_ANALYSIS = YES;
				CLANG_WARN_STRICT_PROTOTYPES = YES;
				CLANG_WARN_SUSPICIOUS_MOVE = YES;
				CLANG_WARN_UNGUARDED_AVAILABILITY = YES_AGGRESSIVE;
				CLANG_WARN_UNREACHABLE_CODE = YES;
				CLANG_WARN__DUPLICATE_METHOD_MATCH = YES;
				COPY_PHASE_STRIP = NO;
				DEBUG_INFORMATION_FORMAT = dwarf;
				ENABLE_STRICT_OBJC_MSGSEND = YES;
				ENABLE_TESTABILITY = YES;
				ENABLE_USER_SCRIPT_SANDBOXING = YES;
				GCC_C_LANGUAGE_STANDARD = gnu11;
				GCC_DYNAMIC_NO_PIC = NO;
				GCC_NO_COMMON_BLOCKS = YES;
				GCC_OPTIMIZATION_LEVEL = 0;
				GCC_PREPROCESSOR_DEFINITIONS = (
					"DEBUG=1",
					"$(inherited)",
				);
				GCC_WARN_64_TO_32_BIT_CONVERSION = YES;
				GCC_WARN_ABOUT_RETURN_TYPE = YES_ERROR;
				GCC_WARN_UNDECLARED_SELECTOR = YES;
				GCC_WARN_UNINITIALIZED_AUTOS = YES_AGGRESSIVE;
				GCC_WARN_UNUSED_FUNCTION = YES;
				GCC_WARN_UNUSED_VARIABLE = YES;
				IPHONEOS_DEPLOYMENT_TARGET = 16.2;
				MTL_ENABLE_DEBUG_INFO = INCLUDE_SOURCE;
				MTL_FAST_MATH = YES;
				ONLY_ACTIVE_ARCH = YES;
				SDKROOT = iphoneos;
				SWIFT_ACTIVE_COMPILATION_CONDITIONS = DEBUG;
				SWIFT_OPTIMIZATION_LEVEL = "-Onone";
			};
			name = Debug;
		};
		CED4D2182B373BA1005138A9 /* Release */ = {
			isa = XCBuildConfiguration;
			buildSettings = {
				ALWAYS_SEARCH_USER_PATHS = NO;
				CLANG_ANALYZER_NONNULL = YES;
				CLANG_ANALYZER_NUMBER_OBJECT_CONVERSION = YES_AGGRESSIVE;
				CLANG_CXX_LANGUAGE_STANDARD = "gnu++20";
				CLANG_ENABLE_MODULES = YES;
				CLANG_ENABLE_OBJC_ARC = YES;
				CLANG_ENABLE_OBJC_WEAK = YES;
				CLANG_WARN_BLOCK_CAPTURE_AUTORELEASING = YES;
				CLANG_WARN_BOOL_CONVERSION = YES;
				CLANG_WARN_COMMA = YES;
				CLANG_WARN_CONSTANT_CONVERSION = YES;
				CLANG_WARN_DEPRECATED_OBJC_IMPLEMENTATIONS = YES;
				CLANG_WARN_DIRECT_OBJC_ISA_USAGE = YES_ERROR;
				CLANG_WARN_DOCUMENTATION_COMMENTS = YES;
				CLANG_WARN_EMPTY_BODY = YES;
				CLANG_WARN_ENUM_CONVERSION = YES;
				CLANG_WARN_INFINITE_RECURSION = YES;
				CLANG_WARN_INT_CONVERSION = YES;
				CLANG_WARN_NON_LITERAL_NULL_CONVERSION = YES;
				CLANG_WARN_OBJC_IMPLICIT_RETAIN_SELF = YES;
				CLANG_WARN_OBJC_LITERAL_CONVERSION = YES;
				CLANG_WARN_OBJC_ROOT_CLASS = YES_ERROR;
				CLANG_WARN_QUOTED_INCLUDE_IN_FRAMEWORK_HEADER = YES;
				CLANG_WARN_RANGE_LOOP_ANALYSIS = YES;
				CLANG_WARN_STRICT_PROTOTYPES = YES;
				CLANG_WARN_SUSPICIOUS_MOVE = YES;
				CLANG_WARN_UNGUARDED_AVAILABILITY = YES_AGGRESSIVE;
				CLANG_WARN_UNREACHABLE_CODE = YES;
				CLANG_WARN__DUPLICATE_METHOD_MATCH = YES;
				COPY_PHASE_STRIP = NO;
				DEBUG_INFORMATION_FORMAT = "dwarf-with-dsym";
				ENABLE_NS_ASSERTIONS = NO;
				ENABLE_STRICT_OBJC_MSGSEND = YES;
				ENABLE_USER_SCRIPT_SANDBOXING = YES;
				GCC_C_LANGUAGE_STANDARD = gnu11;
				GCC_NO_COMMON_BLOCKS = YES;
				GCC_WARN_64_TO_32_BIT_CONVERSION = YES;
				GCC_WARN_ABOUT_RETURN_TYPE = YES_ERROR;
				GCC_WARN_UNDECLARED_SELECTOR = YES;
				GCC_WARN_UNINITIALIZED_AUTOS = YES_AGGRESSIVE;
				GCC_WARN_UNUSED_FUNCTION = YES;
				GCC_WARN_UNUSED_VARIABLE = YES;
				IPHONEOS_DEPLOYMENT_TARGET = 16.2;
				MTL_ENABLE_DEBUG_INFO = NO;
				MTL_FAST_MATH = YES;
				SDKROOT = iphoneos;
				SWIFT_COMPILATION_MODE = wholemodule;
				SWIFT_OPTIMIZATION_LEVEL = "-O";
				VALIDATE_PRODUCT = YES;
			};
			name = Release;
		};
		CED4D21A2B373BA1005138A9 /* Debug */ = {
			isa = XCBuildConfiguration;
			buildSettings = {
				ASSETCATALOG_COMPILER_APPICON_NAME = AppIcon;
				ASSETCATALOG_COMPILER_GLOBAL_ACCENT_COLOR_NAME = AccentColor;
				CODE_SIGN_STYLE = Automatic;
				CURRENT_PROJECT_VERSION = 1;
				DEVELOPMENT_TEAM = Q32WAK9PQ6;
				GENERATE_INFOPLIST_FILE = YES;
				INFOPLIST_FILE = "Movie Today/Supports/Info.plist";
				INFOPLIST_KEY_UIApplicationSupportsIndirectInputEvents = YES;
				INFOPLIST_KEY_UILaunchStoryboardName = LaunchScreen;
				INFOPLIST_KEY_UISupportedInterfaceOrientations = UIInterfaceOrientationPortrait;
				INFOPLIST_KEY_UISupportedInterfaceOrientations_iPad = "UIInterfaceOrientationLandscapeLeft UIInterfaceOrientationLandscapeRight UIInterfaceOrientationPortrait UIInterfaceOrientationPortraitUpsideDown";
				IPHONEOS_DEPLOYMENT_TARGET = 17.2;
				LD_RUNPATH_SEARCH_PATHS = (
					"$(inherited)",
					"@executable_path/Frameworks",
				);
				MARKETING_VERSION = 1.0;
				PRODUCT_BUNDLE_IDENTIFIER = "com.0011.Movie-Today";
				PRODUCT_NAME = "$(TARGET_NAME)";
				SUPPORTED_PLATFORMS = "iphoneos iphonesimulator";
				SUPPORTS_MACCATALYST = NO;
				SUPPORTS_MAC_DESIGNED_FOR_IPHONE_IPAD = NO;
				SWIFT_EMIT_LOC_STRINGS = YES;
				SWIFT_VERSION = 5.0;
				TARGETED_DEVICE_FAMILY = 1;
			};
			name = Debug;
		};
		CED4D21B2B373BA1005138A9 /* Release */ = {
			isa = XCBuildConfiguration;
			buildSettings = {
				ASSETCATALOG_COMPILER_APPICON_NAME = AppIcon;
				ASSETCATALOG_COMPILER_GLOBAL_ACCENT_COLOR_NAME = AccentColor;
				CODE_SIGN_STYLE = Automatic;
				CURRENT_PROJECT_VERSION = 1;
				DEVELOPMENT_TEAM = Q32WAK9PQ6;
				GENERATE_INFOPLIST_FILE = YES;
				INFOPLIST_FILE = "Movie Today/Supports/Info.plist";
				INFOPLIST_KEY_UIApplicationSupportsIndirectInputEvents = YES;
				INFOPLIST_KEY_UILaunchStoryboardName = LaunchScreen;
				INFOPLIST_KEY_UISupportedInterfaceOrientations = UIInterfaceOrientationPortrait;
				INFOPLIST_KEY_UISupportedInterfaceOrientations_iPad = "UIInterfaceOrientationLandscapeLeft UIInterfaceOrientationLandscapeRight UIInterfaceOrientationPortrait UIInterfaceOrientationPortraitUpsideDown";
				IPHONEOS_DEPLOYMENT_TARGET = 17.2;
				LD_RUNPATH_SEARCH_PATHS = (
					"$(inherited)",
					"@executable_path/Frameworks",
				);
				MARKETING_VERSION = 1.0;
				PRODUCT_BUNDLE_IDENTIFIER = "com.0011.Movie-Today";
				PRODUCT_NAME = "$(TARGET_NAME)";
				SUPPORTED_PLATFORMS = "iphoneos iphonesimulator";
				SUPPORTS_MACCATALYST = NO;
				SUPPORTS_MAC_DESIGNED_FOR_IPHONE_IPAD = NO;
				SWIFT_EMIT_LOC_STRINGS = YES;
				SWIFT_VERSION = 5.0;
				TARGETED_DEVICE_FAMILY = 1;
			};
			name = Release;
		};
/* End XCBuildConfiguration section */

/* Begin XCConfigurationList section */
		CED4D2002B373B9F005138A9 /* Build configuration list for PBXProject "Movie Today" */ = {
			isa = XCConfigurationList;
			buildConfigurations = (
				CED4D2172B373BA1005138A9 /* Debug */,
				CED4D2182B373BA1005138A9 /* Release */,
			);
			defaultConfigurationIsVisible = 0;
			defaultConfigurationName = Release;
		};
		CED4D2192B373BA1005138A9 /* Build configuration list for PBXNativeTarget "Movie Today" */ = {
			isa = XCConfigurationList;
			buildConfigurations = (
				CED4D21A2B373BA1005138A9 /* Debug */,
				CED4D21B2B373BA1005138A9 /* Release */,
			);
			defaultConfigurationIsVisible = 0;
			defaultConfigurationName = Release;
		};
/* End XCConfigurationList section */
	};
	rootObject = CED4D1FD2B373B9F005138A9 /* Project object */;
}
